// !$*UTF8*$!
{
	archiveVersion = 1;
	classes = {
	};
	objectVersion = 55;
	objects = {

/* Begin PBXBuildFile section */
		B79EE4B4275EA76100F300DE /* Tests_iOS.swift in Sources */ = {isa = PBXBuildFile; fileRef = B79EE4B3275EA76100F300DE /* Tests_iOS.swift */; };
		B79EE4B6275EA76100F300DE /* Tests_iOSLaunchTests.swift in Sources */ = {isa = PBXBuildFile; fileRef = B79EE4B5275EA76100F300DE /* Tests_iOSLaunchTests.swift */; };
		B79EE4C0275EA76100F300DE /* Tests_macOS.swift in Sources */ = {isa = PBXBuildFile; fileRef = B79EE4BF275EA76100F300DE /* Tests_macOS.swift */; };
		B79EE4C2275EA76100F300DE /* Tests_macOSLaunchTests.swift in Sources */ = {isa = PBXBuildFile; fileRef = B79EE4C1275EA76100F300DE /* Tests_macOSLaunchTests.swift */; };
		B79EE4C3275EA76100F300DE /* Oshin_s_ProjectApp.swift in Sources */ = {isa = PBXBuildFile; fileRef = B79EE49B275EA76000F300DE /* Oshin_s_ProjectApp.swift */; };
		B79EE4C4275EA76100F300DE /* Oshin_s_ProjectApp.swift in Sources */ = {isa = PBXBuildFile; fileRef = B79EE49B275EA76000F300DE /* Oshin_s_ProjectApp.swift */; };
		B79EE4C5275EA76100F300DE /* ContentView.swift in Sources */ = {isa = PBXBuildFile; fileRef = B79EE49C275EA76000F300DE /* ContentView.swift */; };
		B79EE4C6275EA76100F300DE /* ContentView.swift in Sources */ = {isa = PBXBuildFile; fileRef = B79EE49C275EA76000F300DE /* ContentView.swift */; };
		B79EE4C7275EA76100F300DE /* Assets.xcassets in Resources */ = {isa = PBXBuildFile; fileRef = B79EE49D275EA76100F300DE /* Assets.xcassets */; };
		B79EE4C8275EA76100F300DE /* Assets.xcassets in Resources */ = {isa = PBXBuildFile; fileRef = B79EE49D275EA76100F300DE /* Assets.xcassets */; };
/* End PBXBuildFile section */

/* Begin PBXContainerItemProxy section */
		B79EE4B0275EA76100F300DE /* PBXContainerItemProxy */ = {
			isa = PBXContainerItemProxy;
			containerPortal = B79EE496275EA76000F300DE /* Project object */;
			proxyType = 1;
			remoteGlobalIDString = B79EE4A1275EA76100F300DE;
			remoteInfo = "Oshin's Project (iOS)";
		};
		B79EE4BC275EA76100F300DE /* PBXContainerItemProxy */ = {
			isa = PBXContainerItemProxy;
			containerPortal = B79EE496275EA76000F300DE /* Project object */;
			proxyType = 1;
			remoteGlobalIDString = B79EE4A7275EA76100F300DE;
			remoteInfo = "Oshin's Project (macOS)";
		};
/* End PBXContainerItemProxy section */

/* Begin PBXFileReference section */
		B79EE49B275EA76000F300DE /* Oshin_s_ProjectApp.swift */ = {isa = PBXFileReference; lastKnownFileType = sourcecode.swift; path = Oshin_s_ProjectApp.swift; sourceTree = "<group>"; };
		B79EE49C275EA76000F300DE /* ContentView.swift */ = {isa = PBXFileReference; lastKnownFileType = sourcecode.swift; path = ContentView.swift; sourceTree = "<group>"; };
		B79EE49D275EA76100F300DE /* Assets.xcassets */ = {isa = PBXFileReference; lastKnownFileType = folder.assetcatalog; path = Assets.xcassets; sourceTree = "<group>"; };
		B79EE4A2275EA76100F300DE /* Oshin's Project.app */ = {isa = PBXFileReference; explicitFileType = wrapper.application; includeInIndex = 0; path = "Oshin's Project.app"; sourceTree = BUILT_PRODUCTS_DIR; };
		B79EE4A8275EA76100F300DE /* Oshin's Project.app */ = {isa = PBXFileReference; explicitFileType = wrapper.application; includeInIndex = 0; path = "Oshin's Project.app"; sourceTree = BUILT_PRODUCTS_DIR; };
		B79EE4AA275EA76100F300DE /* macOS.entitlements */ = {isa = PBXFileReference; lastKnownFileType = text.plist.entitlements; path = macOS.entitlements; sourceTree = "<group>"; };
		B79EE4AF275EA76100F300DE /* Tests iOS.xctest */ = {isa = PBXFileReference; explicitFileType = wrapper.cfbundle; includeInIndex = 0; path = "Tests iOS.xctest"; sourceTree = BUILT_PRODUCTS_DIR; };
		B79EE4B3275EA76100F300DE /* Tests_iOS.swift */ = {isa = PBXFileReference; lastKnownFileType = sourcecode.swift; path = Tests_iOS.swift; sourceTree = "<group>"; };
		B79EE4B5275EA76100F300DE /* Tests_iOSLaunchTests.swift */ = {isa = PBXFileReference; lastKnownFileType = sourcecode.swift; path = Tests_iOSLaunchTests.swift; sourceTree = "<group>"; };
		B79EE4BB275EA76100F300DE /* Tests macOS.xctest */ = {isa = PBXFileReference; explicitFileType = wrapper.cfbundle; includeInIndex = 0; path = "Tests macOS.xctest"; sourceTree = BUILT_PRODUCTS_DIR; };
		B79EE4BF275EA76100F300DE /* Tests_macOS.swift */ = {isa = PBXFileReference; lastKnownFileType = sourcecode.swift; path = Tests_macOS.swift; sourceTree = "<group>"; };
		B79EE4C1275EA76100F300DE /* Tests_macOSLaunchTests.swift */ = {isa = PBXFileReference; lastKnownFileType = sourcecode.swift; path = Tests_macOSLaunchTests.swift; sourceTree = "<group>"; };
/* End PBXFileReference section */

/* Begin PBXFrameworksBuildPhase section */
		B79EE49F275EA76100F300DE /* Frameworks */ = {
			isa = PBXFrameworksBuildPhase;
			buildActionMask = 2147483647;
			files = (
			);
			runOnlyForDeploymentPostprocessing = 0;
		};
		B79EE4A5275EA76100F300DE /* Frameworks */ = {
			isa = PBXFrameworksBuildPhase;
			buildActionMask = 2147483647;
			files = (
			);
			runOnlyForDeploymentPostprocessing = 0;
		};
		B79EE4AC275EA76100F300DE /* Frameworks */ = {
			isa = PBXFrameworksBuildPhase;
			buildActionMask = 2147483647;
			files = (
			);
			runOnlyForDeploymentPostprocessing = 0;
		};
		B79EE4B8275EA76100F300DE /* Frameworks */ = {
			isa = PBXFrameworksBuildPhase;
			buildActionMask = 2147483647;
			files = (
			);
			runOnlyForDeploymentPostprocessing = 0;
		};
/* End PBXFrameworksBuildPhase section */

/* Begin PBXGroup section */
		B79EE495275EA76000F300DE = {
			isa = PBXGroup;
			children = (
				B79EE49A275EA76000F300DE /* Shared */,
				B79EE4A9275EA76100F300DE /* macOS */,
				B79EE4B2275EA76100F300DE /* Tests iOS */,
				B79EE4BE275EA76100F300DE /* Tests macOS */,
				B79EE4A3275EA76100F300DE /* Products */,
			);
			sourceTree = "<group>";
		};
		B79EE49A275EA76000F300DE /* Shared */ = {
			isa = PBXGroup;
			children = (
				B79EE49B275EA76000F300DE /* Oshin_s_ProjectApp.swift */,
				B79EE49C275EA76000F300DE /* ContentView.swift */,
				B79EE49D275EA76100F300DE /* Assets.xcassets */,
			);
			path = Shared;
			sourceTree = "<group>";
		};
		B79EE4A3275EA76100F300DE /* Products */ = {
			isa = PBXGroup;
			children = (
				B79EE4A2275EA76100F300DE /* Oshin's Project.app */,
				B79EE4A8275EA76100F300DE /* Oshin's Project.app */,
				B79EE4AF275EA76100F300DE /* Tests iOS.xctest */,
				B79EE4BB275EA76100F300DE /* Tests macOS.xctest */,
			);
			name = Products;
			sourceTree = "<group>";
		};
		B79EE4A9275EA76100F300DE /* macOS */ = {
			isa = PBXGroup;
			children = (
				B79EE4AA275EA76100F300DE /* macOS.entitlements */,
			);
			path = macOS;
			sourceTree = "<group>";
		};
		B79EE4B2275EA76100F300DE /* Tests iOS */ = {
			isa = PBXGroup;
			children = (
				B79EE4B3275EA76100F300DE /* Tests_iOS.swift */,
				B79EE4B5275EA76100F300DE /* Tests_iOSLaunchTests.swift */,
			);
			path = "Tests iOS";
			sourceTree = "<group>";
		};
		B79EE4BE275EA76100F300DE /* Tests macOS */ = {
			isa = PBXGroup;
			children = (
				B79EE4BF275EA76100F300DE /* Tests_macOS.swift */,
				B79EE4C1275EA76100F300DE /* Tests_macOSLaunchTests.swift */,
			);
			path = "Tests macOS";
			sourceTree = "<group>";
		};
/* End PBXGroup section */

/* Begin PBXNativeTarget section */
		B79EE4A1275EA76100F300DE /* Oshin's Project (iOS) */ = {
			isa = PBXNativeTarget;
			buildConfigurationList = B79EE4CB275EA76100F300DE /* Build configuration list for PBXNativeTarget "Oshin's Project (iOS)" */;
			buildPhases = (
				B79EE49E275EA76100F300DE /* Sources */,
				B79EE49F275EA76100F300DE /* Frameworks */,
				B79EE4A0275EA76100F300DE /* Resources */,
			);
			buildRules = (
			);
			dependencies = (
			);
			name = "Oshin's Project (iOS)";
			productName = "Oshin's Project (iOS)";
			productReference = B79EE4A2275EA76100F300DE /* Oshin's Project.app */;
			productType = "com.apple.product-type.application";
		};
		B79EE4A7275EA76100F300DE /* Oshin's Project (macOS) */ = {
			isa = PBXNativeTarget;
			buildConfigurationList = B79EE4CE275EA76100F300DE /* Build configuration list for PBXNativeTarget "Oshin's Project (macOS)" */;
			buildPhases = (
				B79EE4A4275EA76100F300DE /* Sources */,
				B79EE4A5275EA76100F300DE /* Frameworks */,
				B79EE4A6275EA76100F300DE /* Resources */,
			);
			buildRules = (
			);
			dependencies = (
			);
			name = "Oshin's Project (macOS)";
			productName = "Oshin's Project (macOS)";
			productReference = B79EE4A8275EA76100F300DE /* Oshin's Project.app */;
			productType = "com.apple.product-type.application";
		};
		B79EE4AE275EA76100F300DE /* Tests iOS */ = {
			isa = PBXNativeTarget;
			buildConfigurationList = B79EE4D1275EA76100F300DE /* Build configuration list for PBXNativeTarget "Tests iOS" */;
			buildPhases = (
				B79EE4AB275EA76100F300DE /* Sources */,
				B79EE4AC275EA76100F300DE /* Frameworks */,
				B79EE4AD275EA76100F300DE /* Resources */,
			);
			buildRules = (
			);
			dependencies = (
				B79EE4B1275EA76100F300DE /* PBXTargetDependency */,
			);
			name = "Tests iOS";
			productName = "Tests iOS";
			productReference = B79EE4AF275EA76100F300DE /* Tests iOS.xctest */;
			productType = "com.apple.product-type.bundle.ui-testing";
		};
		B79EE4BA275EA76100F300DE /* Tests macOS */ = {
			isa = PBXNativeTarget;
			buildConfigurationList = B79EE4D4275EA76100F300DE /* Build configuration list for PBXNativeTarget "Tests macOS" */;
			buildPhases = (
				B79EE4B7275EA76100F300DE /* Sources */,
				B79EE4B8275EA76100F300DE /* Frameworks */,
				B79EE4B9275EA76100F300DE /* Resources */,
			);
			buildRules = (
			);
			dependencies = (
				B79EE4BD275EA76100F300DE /* PBXTargetDependency */,
			);
			name = "Tests macOS";
			productName = "Tests macOS";
			productReference = B79EE4BB275EA76100F300DE /* Tests macOS.xctest */;
			productType = "com.apple.product-type.bundle.ui-testing";
		};
/* End PBXNativeTarget section */

/* Begin PBXProject section */
		B79EE496275EA76000F300DE /* Project object */ = {
			isa = PBXProject;
			attributes = {
				BuildIndependentTargetsInParallel = 1;
				LastSwiftUpdateCheck = 1310;
				LastUpgradeCheck = 1310;
				TargetAttributes = {
					B79EE4A1275EA76100F300DE = {
						CreatedOnToolsVersion = 13.1;
					};
					B79EE4A7275EA76100F300DE = {
						CreatedOnToolsVersion = 13.1;
					};
					B79EE4AE275EA76100F300DE = {
						CreatedOnToolsVersion = 13.1;
						TestTargetID = B79EE4A1275EA76100F300DE;
					};
					B79EE4BA275EA76100F300DE = {
						CreatedOnToolsVersion = 13.1;
						TestTargetID = B79EE4A7275EA76100F300DE;
					};
				};
			};
			buildConfigurationList = B79EE499275EA76000F300DE /* Build configuration list for PBXProject "Oshin's Project" */;
			compatibilityVersion = "Xcode 13.0";
			developmentRegion = en;
			hasScannedForEncodings = 0;
			knownRegions = (
				en,
				Base,
			);
			mainGroup = B79EE495275EA76000F300DE;
			productRefGroup = B79EE4A3275EA76100F300DE /* Products */;
			projectDirPath = "";
			projectRoot = "";
			targets = (
				B79EE4A1275EA76100F300DE /* Oshin's Project (iOS) */,
				B79EE4A7275EA76100F300DE /* Oshin's Project (macOS) */,
				B79EE4AE275EA76100F300DE /* Tests iOS */,
				B79EE4BA275EA76100F300DE /* Tests macOS */,
			);
		};
/* End PBXProject section */

/* Begin PBXResourcesBuildPhase section */
		B79EE4A0275EA76100F300DE /* Resources */ = {
			isa = PBXResourcesBuildPhase;
			buildActionMask = 2147483647;
			files = (
				B79EE4C7275EA76100F300DE /* Assets.xcassets in Resources */,
			);
			runOnlyForDeploymentPostprocessing = 0;
		};
		B79EE4A6275EA76100F300DE /* Resources */ = {
			isa = PBXResourcesBuildPhase;
			buildActionMask = 2147483647;
			files = (
				B79EE4C8275EA76100F300DE /* Assets.xcassets in Resources */,
			);
			runOnlyForDeploymentPostprocessing = 0;
		};
		B79EE4AD275EA76100F300DE /* Resources */ = {
			isa = PBXResourcesBuildPhase;
			buildActionMask = 2147483647;
			files = (
			);
			runOnlyForDeploymentPostprocessing = 0;
		};
		B79EE4B9275EA76100F300DE /* Resources */ = {
			isa = PBXResourcesBuildPhase;
			buildActionMask = 2147483647;
			files = (
			);
			runOnlyForDeploymentPostprocessing = 0;
		};
/* End PBXResourcesBuildPhase section */

/* Begin PBXSourcesBuildPhase section */
		B79EE49E275EA76100F300DE /* Sources */ = {
			isa = PBXSourcesBuildPhase;
			buildActionMask = 2147483647;
			files = (
				B79EE4C5275EA76100F300DE /* ContentView.swift in Sources */,
				B79EE4C3275EA76100F300DE /* Oshin_s_ProjectApp.swift in Sources */,
			);
			runOnlyForDeploymentPostprocessing = 0;
		};
		B79EE4A4275EA76100F300DE /* Sources */ = {
			isa = PBXSourcesBuildPhase;
			buildActionMask = 2147483647;
			files = (
				B79EE4C6275EA76100F300DE /* ContentView.swift in Sources */,
				B79EE4C4275EA76100F300DE /* Oshin_s_ProjectApp.swift in Sources */,
			);
			runOnlyForDeploymentPostprocessing = 0;
		};
		B79EE4AB275EA76100F300DE /* Sources */ = {
			isa = PBXSourcesBuildPhase;
			buildActionMask = 2147483647;
			files = (
				B79EE4B6275EA76100F300DE /* Tests_iOSLaunchTests.swift in Sources */,
				B79EE4B4275EA76100F300DE /* Tests_iOS.swift in Sources */,
			);
			runOnlyForDeploymentPostprocessing = 0;
		};
		B79EE4B7275EA76100F300DE /* Sources */ = {
			isa = PBXSourcesBuildPhase;
			buildActionMask = 2147483647;
			files = (
				B79EE4C2275EA76100F300DE /* Tests_macOSLaunchTests.swift in Sources */,
				B79EE4C0275EA76100F300DE /* Tests_macOS.swift in Sources */,
			);
			runOnlyForDeploymentPostprocessing = 0;
		};
/* End PBXSourcesBuildPhase section */

/* Begin PBXTargetDependency section */
		B79EE4B1275EA76100F300DE /* PBXTargetDependency */ = {
			isa = PBXTargetDependency;
			target = B79EE4A1275EA76100F300DE /* Oshin's Project (iOS) */;
			targetProxy = B79EE4B0275EA76100F300DE /* PBXContainerItemProxy */;
		};
		B79EE4BD275EA76100F300DE /* PBXTargetDependency */ = {
			isa = PBXTargetDependency;
			target = B79EE4A7275EA76100F300DE /* Oshin's Project (macOS) */;
			targetProxy = B79EE4BC275EA76100F300DE /* PBXContainerItemProxy */;
		};
/* End PBXTargetDependency section */

/* Begin XCBuildConfiguration section */
		B79EE4C9275EA76100F300DE /* Debug */ = {
			isa = XCBuildConfiguration;
			buildSettings = {
				ALWAYS_SEARCH_USER_PATHS = NO;
				CLANG_ANALYZER_NONNULL = YES;
				CLANG_ANALYZER_NUMBER_OBJECT_CONVERSION = YES_AGGRESSIVE;
				CLANG_CXX_LANGUAGE_STANDARD = "gnu++17";
				CLANG_CXX_LIBRARY = "libc++";
				CLANG_ENABLE_MODULES = YES;
				CLANG_ENABLE_OBJC_ARC = YES;
				CLANG_ENABLE_OBJC_WEAK = YES;
				CLANG_WARN_BLOCK_CAPTURE_AUTORELEASING = YES;
				CLANG_WARN_BOOL_CONVERSION = YES;
				CLANG_WARN_COMMA = YES;
				CLANG_WARN_CONSTANT_CONVERSION = YES;
				CLANG_WARN_DEPRECATED_OBJC_IMPLEMENTATIONS = YES;
				CLANG_WARN_DIRECT_OBJC_ISA_USAGE = YES_ERROR;
				CLANG_WARN_DOCUMENTATION_COMMENTS = YES;
				CLANG_WARN_EMPTY_BODY = YES;
				CLANG_WARN_ENUM_CONVERSION = YES;
				CLANG_WARN_INFINITE_RECURSION = YES;
				CLANG_WARN_INT_CONVERSION = YES;
				CLANG_WARN_NON_LITERAL_NULL_CONVERSION = YES;
				CLANG_WARN_OBJC_IMPLICIT_RETAIN_SELF = YES;
				CLANG_WARN_OBJC_LITERAL_CONVERSION = YES;
				CLANG_WARN_OBJC_ROOT_CLASS = YES_ERROR;
				CLANG_WARN_QUOTED_INCLUDE_IN_FRAMEWORK_HEADER = YES;
				CLANG_WARN_RANGE_LOOP_ANALYSIS = YES;
				CLANG_WARN_STRICT_PROTOTYPES = YES;
				CLANG_WARN_SUSPICIOUS_MOVE = YES;
				CLANG_WARN_UNGUARDED_AVAILABILITY = YES_AGGRESSIVE;
				CLANG_WARN_UNREACHABLE_CODE = YES;
				CLANG_WARN__DUPLICATE_METHOD_MATCH = YES;
				COPY_PHASE_STRIP = NO;
				DEBUG_INFORMATION_FORMAT = dwarf;
				ENABLE_STRICT_OBJC_MSGSEND = YES;
				ENABLE_TESTABILITY = YES;
				GCC_C_LANGUAGE_STANDARD = gnu11;
				GCC_DYNAMIC_NO_PIC = NO;
				GCC_NO_COMMON_BLOCKS = YES;
				GCC_OPTIMIZATION_LEVEL = 0;
				GCC_PREPROCESSOR_DEFINITIONS = (
					"DEBUG=1",
					"$(inherited)",
				);
				GCC_WARN_64_TO_32_BIT_CONVERSION = YES;
				GCC_WARN_ABOUT_RETURN_TYPE = YES_ERROR;
				GCC_WARN_UNDECLARED_SELECTOR = YES;
				GCC_WARN_UNINITIALIZED_AUTOS = YES_AGGRESSIVE;
				GCC_WARN_UNUSED_FUNCTION = YES;
				GCC_WARN_UNUSED_VARIABLE = YES;
				MTL_ENABLE_DEBUG_INFO = INCLUDE_SOURCE;
				MTL_FAST_MATH = YES;
				ONLY_ACTIVE_ARCH = YES;
				SWIFT_ACTIVE_COMPILATION_CONDITIONS = DEBUG;
				SWIFT_OPTIMIZATION_LEVEL = "-Onone";
			};
			name = Debug;
		};
		B79EE4CA275EA76100F300DE /* Release */ = {
			isa = XCBuildConfiguration;
			buildSettings = {
				ALWAYS_SEARCH_USER_PATHS = NO;
				CLANG_ANALYZER_NONNULL = YES;
				CLANG_ANALYZER_NUMBER_OBJECT_CONVERSION = YES_AGGRESSIVE;
				CLANG_CXX_LANGUAGE_STANDARD = "gnu++17";
				CLANG_CXX_LIBRARY = "libc++";
				CLANG_ENABLE_MODULES = YES;
				CLANG_ENABLE_OBJC_ARC = YES;
				CLANG_ENABLE_OBJC_WEAK = YES;
				CLANG_WARN_BLOCK_CAPTURE_AUTORELEASING = YES;
				CLANG_WARN_BOOL_CONVERSION = YES;
				CLANG_WARN_COMMA = YES;
				CLANG_WARN_CONSTANT_CONVERSION = YES;
				CLANG_WARN_DEPRECATED_OBJC_IMPLEMENTATIONS = YES;
				CLANG_WARN_DIRECT_OBJC_ISA_USAGE = YES_ERROR;
				CLANG_WARN_DOCUMENTATION_COMMENTS = YES;
				CLANG_WARN_EMPTY_BODY = YES;
				CLANG_WARN_ENUM_CONVERSION = YES;
				CLANG_WARN_INFINITE_RECURSION = YES;
				CLANG_WARN_INT_CONVERSION = YES;
				CLANG_WARN_NON_LITERAL_NULL_CONVERSION = YES;
				CLANG_WARN_OBJC_IMPLICIT_RETAIN_SELF = YES;
				CLANG_WARN_OBJC_LITERAL_CONVERSION = YES;
				CLANG_WARN_OBJC_ROOT_CLASS = YES_ERROR;
				CLANG_WARN_QUOTED_INCLUDE_IN_FRAMEWORK_HEADER = YES;
				CLANG_WARN_RANGE_LOOP_ANALYSIS = YES;
				CLANG_WARN_STRICT_PROTOTYPES = YES;
				CLANG_WARN_SUSPICIOUS_MOVE = YES;
				CLANG_WARN_UNGUARDED_AVAILABILITY = YES_AGGRESSIVE;
				CLANG_WARN_UNREACHABLE_CODE = YES;
				CLANG_WARN__DUPLICATE_METHOD_MATCH = YES;
				COPY_PHASE_STRIP = NO;
				DEBUG_INFORMATION_FORMAT = "dwarf-with-dsym";
				ENABLE_NS_ASSERTIONS = NO;
				ENABLE_STRICT_OBJC_MSGSEND = YES;
				GCC_C_LANGUAGE_STANDARD = gnu11;
				GCC_NO_COMMON_BLOCKS = YES;
				GCC_WARN_64_TO_32_BIT_CONVERSION = YES;
				GCC_WARN_ABOUT_RETURN_TYPE = YES_ERROR;
				GCC_WARN_UNDECLARED_SELECTOR = YES;
				GCC_WARN_UNINITIALIZED_AUTOS = YES_AGGRESSIVE;
				GCC_WARN_UNUSED_FUNCTION = YES;
				GCC_WARN_UNUSED_VARIABLE = YES;
				MTL_ENABLE_DEBUG_INFO = NO;
				MTL_FAST_MATH = YES;
				SWIFT_COMPILATION_MODE = wholemodule;
				SWIFT_OPTIMIZATION_LEVEL = "-O";
			};
			name = Release;
		};
		B79EE4CC275EA76100F300DE /* Debug */ = {
			isa = XCBuildConfiguration;
			buildSettings = {
				ASSETCATALOG_COMPILER_APPICON_NAME = AppIcon;
				ASSETCATALOG_COMPILER_GLOBAL_ACCENT_COLOR_NAME = AccentColor;
				CODE_SIGN_STYLE = Automatic;
				CURRENT_PROJECT_VERSION = 1;
				ENABLE_PREVIEWS = YES;
				GENERATE_INFOPLIST_FILE = YES;
				INFOPLIST_KEY_UIApplicationSceneManifest_Generation = YES;
				INFOPLIST_KEY_UIApplicationSupportsIndirectInputEvents = YES;
				INFOPLIST_KEY_UILaunchScreen_Generation = YES;
				INFOPLIST_KEY_UISupportedInterfaceOrientations_iPad = "UIInterfaceOrientationPortrait UIInterfaceOrientationPortraitUpsideDown UIInterfaceOrientationLandscapeLeft UIInterfaceOrientationLandscapeRight";
				INFOPLIST_KEY_UISupportedInterfaceOrientations_iPhone = "UIInterfaceOrientationPortrait UIInterfaceOrientationLandscapeLeft UIInterfaceOrientationLandscapeRight";
				IPHONEOS_DEPLOYMENT_TARGET = 15.0;
				LD_RUNPATH_SEARCH_PATHS = (
					"$(inherited)",
					"@executable_path/Frameworks",
				);
				MARKETING_VERSION = 1.0;
				PRODUCT_BUNDLE_IDENTIFIER = "MacBook.Oshin-s-Project";
				PRODUCT_NAME = "Oshin's Project";
				SDKROOT = iphoneos;
				SWIFT_EMIT_LOC_STRINGS = YES;
				SWIFT_VERSION = 5.0;
				TARGETED_DEVICE_FAMILY = "1,2";
			};
			name = Debug;
		};
		B79EE4CD275EA76100F300DE /* Release */ = {
			isa = XCBuildConfiguration;
			buildSettings = {
				ASSETCATALOG_COMPILER_APPICON_NAME = AppIcon;
				ASSETCATALOG_COMPILER_GLOBAL_ACCENT_COLOR_NAME = AccentColor;
				CODE_SIGN_STYLE = Automatic;
				CURRENT_PROJECT_VERSION = 1;
				ENABLE_PREVIEWS = YES;
				GENERATE_INFOPLIST_FILE = YES;
				INFOPLIST_KEY_UIApplicationSceneManifest_Generation = YES;
				INFOPLIST_KEY_UIApplicationSupportsIndirectInputEvents = YES;
				INFOPLIST_KEY_UILaunchScreen_Generation = YES;
				INFOPLIST_KEY_UISupportedInterfaceOrientations_iPad = "UIInterfaceOrientationPortrait UIInterfaceOrientationPortraitUpsideDown UIInterfaceOrientationLandscapeLeft UIInterfaceOrientationLandscapeRight";
				INFOPLIST_KEY_UISupportedInterfaceOrientations_iPhone = "UIInterfaceOrientationPortrait UIInterfaceOrientationLandscapeLeft UIInterfaceOrientationLandscapeRight";
				IPHONEOS_DEPLOYMENT_TARGET = 15.0;
				LD_RUNPATH_SEARCH_PATHS = (
					"$(inherited)",
					"@executable_path/Frameworks",
				);
				MARKETING_VERSION = 1.0;
				PRODUCT_BUNDLE_IDENTIFIER = "MacBook.Oshin-s-Project";
				PRODUCT_NAME = "Oshin's Project";
				SDKROOT = iphoneos;
				SWIFT_EMIT_LOC_STRINGS = YES;
				SWIFT_VERSION = 5.0;
				TARGETED_DEVICE_FAMILY = "1,2";
				VALIDATE_PRODUCT = YES;
			};
			name = Release;
		};
		B79EE4CF275EA76100F300DE /* Debug */ = {
			isa = XCBuildConfiguration;
			buildSettings = {
				ASSETCATALOG_COMPILER_APPICON_NAME = AppIcon;
				ASSETCATALOG_COMPILER_GLOBAL_ACCENT_COLOR_NAME = AccentColor;
				CODE_SIGN_ENTITLEMENTS = macOS/macOS.entitlements;
				CODE_SIGN_STYLE = Automatic;
				COMBINE_HIDPI_IMAGES = YES;
				CURRENT_PROJECT_VERSION = 1;
				ENABLE_PREVIEWS = YES;
				GENERATE_INFOPLIST_FILE = YES;
				INFOPLIST_KEY_NSHumanReadableCopyright = "";
				LD_RUNPATH_SEARCH_PATHS = (
					"$(inherited)",
					"@executable_path/../Frameworks",
				);
				MACOSX_DEPLOYMENT_TARGET = 12.0;
				MARKETING_VERSION = 1.0;
				PRODUCT_BUNDLE_IDENTIFIER = "MacBook.Oshin-s-Project";
				PRODUCT_NAME = "Oshin's Project";
				SDKROOT = macosx;
				SWIFT_EMIT_LOC_STRINGS = YES;
				SWIFT_VERSION = 5.0;
			};
			name = Debug;
		};
		B79EE4D0275EA76100F300DE /* Release */ = {
			isa = XCBuildConfiguration;
			buildSettings = {
				ASSETCATALOG_COMPILER_APPICON_NAME = AppIcon;
				ASSETCATALOG_COMPILER_GLOBAL_ACCENT_COLOR_NAME = AccentColor;
				CODE_SIGN_ENTITLEMENTS = macOS/macOS.entitlements;
				CODE_SIGN_STYLE = Automatic;
				COMBINE_HIDPI_IMAGES = YES;
				CURRENT_PROJECT_VERSION = 1;
				ENABLE_PREVIEWS = YES;
				GENERATE_INFOPLIST_FILE = YES;
				INFOPLIST_KEY_NSHumanReadableCopyright = "";
				LD_RUNPATH_SEARCH_PATHS = (
					"$(inherited)",
					"@executable_path/../Frameworks",
				);
				MACOSX_DEPLOYMENT_TARGET = 12.0;
				MARKETING_VERSION = 1.0;
				PRODUCT_BUNDLE_IDENTIFIER = "MacBook.Oshin-s-Project";
				PRODUCT_NAME = "Oshin's Project";
				SDKROOT = macosx;
				SWIFT_EMIT_LOC_STRINGS = YES;
				SWIFT_VERSION = 5.0;
			};
			name = Release;
		};
		B79EE4D2275EA76100F300DE /* Debug */ = {
			isa = XCBuildConfiguration;
			buildSettings = {
				ALWAYS_EMBED_SWIFT_STANDARD_LIBRARIES = YES;
				CODE_SIGN_STYLE = Automatic;
				CURRENT_PROJECT_VERSION = 1;
				GENERATE_INFOPLIST_FILE = YES;
				IPHONEOS_DEPLOYMENT_TARGET = 15.0;
				LD_RUNPATH_SEARCH_PATHS = (
					"$(inherited)",
					"@executable_path/Frameworks",
					"@loader_path/Frameworks",
				);
				MARKETING_VERSION = 1.0;
				PRODUCT_BUNDLE_IDENTIFIER = "MacBook.Tests-iOS";
				PRODUCT_NAME = "$(TARGET_NAME)";
				SDKROOT = iphoneos;
				SWIFT_EMIT_LOC_STRINGS = NO;
				SWIFT_VERSION = 5.0;
				TARGETED_DEVICE_FAMILY = "1,2";
				TEST_TARGET_NAME = "Oshin's Project (iOS)";
			};
			name = Debug;
		};
		B79EE4D3275EA76100F300DE /* Release */ = {
			isa = XCBuildConfiguration;
			buildSettings = {
				ALWAYS_EMBED_SWIFT_STANDARD_LIBRARIES = YES;
				CODE_SIGN_STYLE = Automatic;
				CURRENT_PROJECT_VERSION = 1;
				GENERATE_INFOPLIST_FILE = YES;
				IPHONEOS_DEPLOYMENT_TARGET = 15.0;
				LD_RUNPATH_SEARCH_PATHS = (
					"$(inherited)",
					"@executable_path/Frameworks",
					"@loader_path/Frameworks",
				);
				MARKETING_VERSION = 1.0;
				PRODUCT_BUNDLE_IDENTIFIER = "MacBook.Tests-iOS";
				PRODUCT_NAME = "$(TARGET_NAME)";
				SDKROOT = iphoneos;
				SWIFT_EMIT_LOC_STRINGS = NO;
				SWIFT_VERSION = 5.0;
				TARGETED_DEVICE_FAMILY = "1,2";
				TEST_TARGET_NAME = "Oshin's Project (iOS)";
				VALIDATE_PRODUCT = YES;
			};
			name = Release;
		};
		B79EE4D5275EA76100F300DE /* Debug */ = {
			isa = XCBuildConfiguration;
			buildSettings = {
				ALWAYS_EMBED_SWIFT_STANDARD_LIBRARIES = YES;
				CODE_SIGN_STYLE = Automatic;
				COMBINE_HIDPI_IMAGES = YES;
				CURRENT_PROJECT_VERSION = 1;
				GENERATE_INFOPLIST_FILE = YES;
				LD_RUNPATH_SEARCH_PATHS = (
					"$(inherited)",
					"@executable_path/../Frameworks",
					"@loader_path/../Frameworks",
				);
				MACOSX_DEPLOYMENT_TARGET = 12.0;
				MARKETING_VERSION = 1.0;
				PRODUCT_BUNDLE_IDENTIFIER = "MacBook.Tests-macOS";
				PRODUCT_NAME = "$(TARGET_NAME)";
				SDKROOT = macosx;
				SWIFT_EMIT_LOC_STRINGS = NO;
				SWIFT_VERSION = 5.0;
				TEST_TARGET_NAME = "Oshin's Project (macOS)";
			};
			name = Debug;
		};
		B79EE4D6275EA76100F300DE /* Release */ = {
			isa = XCBuildConfiguration;
			buildSettings = {
				ALWAYS_EMBED_SWIFT_STANDARD_LIBRARIES = YES;
				CODE_SIGN_STYLE = Automatic;
				COMBINE_HIDPI_IMAGES = YES;
				CURRENT_PROJECT_VERSION = 1;
				GENERATE_INFOPLIST_FILE = YES;
				LD_RUNPATH_SEARCH_PATHS = (
					"$(inherited)",
					"@executable_path/../Frameworks",
					"@loader_path/../Frameworks",
				);
				MACOSX_DEPLOYMENT_TARGET = 12.0;
				MARKETING_VERSION = 1.0;
				PRODUCT_BUNDLE_IDENTIFIER = "MacBook.Tests-macOS";
				PRODUCT_NAME = "$(TARGET_NAME)";
				SDKROOT = macosx;
				SWIFT_EMIT_LOC_STRINGS = NO;
				SWIFT_VERSION = 5.0;
				TEST_TARGET_NAME = "Oshin's Project (macOS)";
			};
			name = Release;
		};
/* End XCBuildConfiguration section */

/* Begin XCConfigurationList section */
		B79EE499275EA76000F300DE /* Build configuration list for PBXProject "Oshin's Project" */ = {
			isa = XCConfigurationList;
			buildConfigurations = (
				B79EE4C9275EA76100F300DE /* Debug */,
				B79EE4CA275EA76100F300DE /* Release */,
			);
			defaultConfigurationIsVisible = 0;
			defaultConfigurationName = Release;
		};
		B79EE4CB275EA76100F300DE /* Build configuration list for PBXNativeTarget "Oshin's Project (iOS)" */ = {
			isa = XCConfigurationList;
			buildConfigurations = (
				B79EE4CC275EA76100F300DE /* Debug */,
				B79EE4CD275EA76100F300DE /* Release */,
			);
			defaultConfigurationIsVisible = 0;
			defaultConfigurationName = Release;
		};
		B79EE4CE275EA76100F300DE /* Build configuration list for PBXNativeTarget "Oshin's Project (macOS)" */ = {
			isa = XCConfigurationList;
			buildConfigurations = (
				B79EE4CF275EA76100F300DE /* Debug */,
				B79EE4D0275EA76100F300DE /* Release */,
			);
			defaultConfigurationIsVisible = 0;
			defaultConfigurationName = Release;
		};
		B79EE4D1275EA76100F300DE /* Build configuration list for PBXNativeTarget "Tests iOS" */ = {
			isa = XCConfigurationList;
			buildConfigurations = (
				B79EE4D2275EA76100F300DE /* Debug */,
				B79EE4D3275EA76100F300DE /* Release */,
			);
			defaultConfigurationIsVisible = 0;
			defaultConfigurationName = Release;
		};
		B79EE4D4275EA76100F300DE /* Build configuration list for PBXNativeTarget "Tests macOS" */ = {
			isa = XCConfigurationList;
			buildConfigurations = (
				B79EE4D5275EA76100F300DE /* Debug */,
				B79EE4D6275EA76100F300DE /* Release */,
			);
			defaultConfigurationIsVisible = 0;
			defaultConfigurationName = Release;
		};
/* End XCConfigurationList section */
	};
	rootObject = B79EE496275EA76000F300DE /* Project object */;
}
